
Microsoft Visual Studio Solution File, Format Version 12.00
# Visual Studio Version 16
VisualStudioVersion = 16.0.29306.81
MinimumVisualStudioVersion = 10.0.40219.1
Project("{FAE04EC0-301F-11D3-BF4B-00C04F79EFBC}") = "Workshop.ImageClassificationLabSolution", "Workshop.ImageClassificationLabSolution.csproj", "{B067AF4C-6020-4DF8-BB4F-4E2ACDC20EE8}"
EndProject
Global
	GlobalSection(SolutionConfigurationPlatforms) = preSolution
		Debug|Any CPU = Debug|Any CPU
		Release|Any CPU = Release|Any CPU
	EndGlobalSection
	GlobalSection(ProjectConfigurationPlatforms) = postSolution
		{B067AF4C-6020-4DF8-BB4F-4E2ACDC20EE8}.Debug|Any CPU.ActiveCfg = Debug|Any CPU
		{B067AF4C-6020-4DF8-BB4F-4E2ACDC20EE8}.Debug|Any CPU.Build.0 = Debug|Any CPU
		{B067AF4C-6020-4DF8-BB4F-4E2ACDC20EE8}.Release|Any CPU.ActiveCfg = Release|Any CPU
		{B067AF4C-6020-4DF8-BB4F-4E2ACDC20EE8}.Release|Any CPU.Build.0 = Release|Any CPU
	EndGlobalSection
	GlobalSection(SolutionProperties) = preSolution
		HideSolutionNode = FALSE
	EndGlobalSection
	GlobalSection(ExtensibilityGlobals) = postSolution
		SolutionGuid = {5DA73BA1-5152-4A39-A600-6F811414229F}
	EndGlobalSection
EndGlobal
